
Microsoft Visual Studio Solution File, Format Version 12.00
# Visual Studio Version 16
VisualStudioVersion = 16.0.30907.101
MinimumVisualStudioVersion = 10.0.40219.1
Project("{FAE04EC0-301F-11D3-BF4B-00C04F79EFBC}") = "DI.LifeTimes.WebApp", "DI.LifeTimes.WebApp.csproj", "{8CC9B304-8218-432A-9C18-5BC33A20CEBF}"
EndProject
Global
	GlobalSection(SolutionConfigurationPlatforms) = preSolution
		Debug|Any CPU = Debug|Any CPU
		Release|Any CPU = Release|Any CPU
	EndGlobalSection
	GlobalSection(ProjectConfigurationPlatforms) = postSolution
		{8CC9B304-8218-432A-9C18-5BC33A20CEBF}.Debug|Any CPU.ActiveCfg = Debug|Any CPU
		{8CC9B304-8218-432A-9C18-5BC33A20CEBF}.Debug|Any CPU.Build.0 = Debug|Any CPU
		{8CC9B304-8218-432A-9C18-5BC33A20CEBF}.Release|Any CPU.ActiveCfg = Release|Any CPU
		{8CC9B304-8218-432A-9C18-5BC33A20CEBF}.Release|Any CPU.Build.0 = Release|Any CPU
	EndGlobalSection
	GlobalSection(SolutionProperties) = preSolution
		HideSolutionNode = FALSE
	EndGlobalSection
	GlobalSection(ExtensibilityGlobals) = postSolution
		SolutionGuid = {AE4D6198-59A2-46DD-9FAC-4179DB065867}
	EndGlobalSection
EndGlobal
